
Microsoft Visual Studio Solution File, Format Version 12.00
# Visual Studio Version 17
VisualStudioVersion = 17.4.33403.182
MinimumVisualStudioVersion = 10.0.40219.1
Project("{9A19103F-16F7-4668-BE54-9A1E7A4F7556}") = "ExpenseRecordMVC", "ExpenseRecordMVC\ExpenseRecordMVC.csproj", "{DA173513-0BCC-456E-9DD8-6A40907A1490}"
EndProject
Project("{9A19103F-16F7-4668-BE54-9A1E7A4F7556}") = "DatabaseLayer", "DatabaseLayer\DatabaseLayer.csproj", "{ABA04862-49B9-40BB-80F4-8EF42F942468}"
EndProject
Project("{9A19103F-16F7-4668-BE54-9A1E7A4F7556}") = "ExpenseService", "ExpenseService\ExpenseService.csproj", "{53EE9A67-61EA-4B1F-90EC-E82B258ACA0A}"
EndProject
Project("{9A19103F-16F7-4668-BE54-9A1E7A4F7556}") = "ExtraLibraries", "ExtraLibraries\ExtraLibraries.csproj", "{CAA6B43B-0822-4A73-9533-25E9C793D7A7}"
EndProject
Global
	GlobalSection(SolutionConfigurationPlatforms) = preSolution
		Debug|Any CPU = Debug|Any CPU
		Release|Any CPU = Release|Any CPU
	EndGlobalSection
	GlobalSection(ProjectConfigurationPlatforms) = postSolution
		{DA173513-0BCC-456E-9DD8-6A40907A1490}.Debug|Any CPU.ActiveCfg = Debug|Any CPU
		{DA173513-0BCC-456E-9DD8-6A40907A1490}.Debug|Any CPU.Build.0 = Debug|Any CPU
		{DA173513-0BCC-456E-9DD8-6A40907A1490}.Release|Any CPU.ActiveCfg = Release|Any CPU
		{DA173513-0BCC-456E-9DD8-6A40907A1490}.Release|Any CPU.Build.0 = Release|Any CPU
		{ABA04862-49B9-40BB-80F4-8EF42F942468}.Debug|Any CPU.ActiveCfg = Debug|Any CPU
		{ABA04862-49B9-40BB-80F4-8EF42F942468}.Debug|Any CPU.Build.0 = Debug|Any CPU
		{ABA04862-49B9-40BB-80F4-8EF42F942468}.Release|Any CPU.ActiveCfg = Release|Any CPU
		{ABA04862-49B9-40BB-80F4-8EF42F942468}.Release|Any CPU.Build.0 = Release|Any CPU
		{53EE9A67-61EA-4B1F-90EC-E82B258ACA0A}.Debug|Any CPU.ActiveCfg = Debug|Any CPU
		{53EE9A67-61EA-4B1F-90EC-E82B258ACA0A}.Debug|Any CPU.Build.0 = Debug|Any CPU
		{53EE9A67-61EA-4B1F-90EC-E82B258ACA0A}.Release|Any CPU.ActiveCfg = Release|Any CPU
		{53EE9A67-61EA-4B1F-90EC-E82B258ACA0A}.Release|Any CPU.Build.0 = Release|Any CPU
		{CAA6B43B-0822-4A73-9533-25E9C793D7A7}.Debug|Any CPU.ActiveCfg = Debug|Any CPU
		{CAA6B43B-0822-4A73-9533-25E9C793D7A7}.Debug|Any CPU.Build.0 = Debug|Any CPU
		{CAA6B43B-0822-4A73-9533-25E9C793D7A7}.Release|Any CPU.ActiveCfg = Release|Any CPU
		{CAA6B43B-0822-4A73-9533-25E9C793D7A7}.Release|Any CPU.Build.0 = Release|Any CPU
	EndGlobalSection
	GlobalSection(SolutionProperties) = preSolution
		HideSolutionNode = FALSE
	EndGlobalSection
	GlobalSection(ExtensibilityGlobals) = postSolution
		SolutionGuid = {41AEFC0F-DFE9-4833-A0D7-F1086EABF911}
	EndGlobalSection
EndGlobal
